// !$*UTF8*$!
{
	archiveVersion = 1;
	classes = {
	};
	objectVersion = 46;
	objects = {

/* Begin PBXBuildFile section */
		565BBFA23E3257DDBDBAEC02 /* libPods.a in Frameworks */ = {isa = PBXBuildFile; fileRef = 8C663F21CD3E7666A2ED2C5F /* libPods.a */; };
		AB307BAC1A7C159C00D87905 /* main.m in Sources */ = {isa = PBXBuildFile; fileRef = AB307BAB1A7C159C00D87905 /* main.m */; };
		AB307BAF1A7C159C00D87905 /* AppDelegate.m in Sources */ = {isa = PBXBuildFile; fileRef = AB307BAE1A7C159C00D87905 /* AppDelegate.m */; };
		AB307BB21A7C159C00D87905 /* ViewController.m in Sources */ = {isa = PBXBuildFile; fileRef = AB307BB11A7C159C00D87905 /* ViewController.m */; };
		AB307BB51A7C159C00D87905 /* Main.storyboard in Resources */ = {isa = PBXBuildFile; fileRef = AB307BB31A7C159C00D87905 /* Main.storyboard */; };
		AB307BB71A7C159C00D87905 /* Images.xcassets in Resources */ = {isa = PBXBuildFile; fileRef = AB307BB61A7C159C00D87905 /* Images.xcassets */; };
		AB307BBA1A7C159C00D87905 /* LaunchScreen.xib in Resources */ = {isa = PBXBuildFile; fileRef = AB307BB81A7C159C00D87905 /* LaunchScreen.xib */; };
/* End PBXBuildFile section */

/* Begin PBXFileReference section */
		7EFC3FDE31772FE37A4FF9BA /* Pods.release.xcconfig */ = {isa = PBXFileReference; includeInIndex = 1; lastKnownFileType = text.xcconfig; name = Pods.release.xcconfig; path = "Pods/Target Support Files/Pods/Pods.release.xcconfig"; sourceTree = "<group>"; };
		8C663F21CD3E7666A2ED2C5F /* libPods.a */ = {isa = PBXFileReference; explicitFileType = archive.ar; includeInIndex = 0; path = libPods.a; sourceTree = BUILT_PRODUCTS_DIR; };
		AB307BA61A7C159C00D87905 /* Example.app */ = {isa = PBXFileReference; explicitFileType = wrapper.application; includeInIndex = 0; path = Example.app; sourceTree = BUILT_PRODUCTS_DIR; };
		AB307BAA1A7C159C00D87905 /* Info.plist */ = {isa = PBXFileReference; lastKnownFileType = text.plist.xml; path = Info.plist; sourceTree = "<group>"; };
		AB307BAB1A7C159C00D87905 /* main.m */ = {isa = PBXFileReference; lastKnownFileType = sourcecode.c.objc; path = main.m; sourceTree = "<group>"; };
		AB307BAD1A7C159C00D87905 /* AppDelegate.h */ = {isa = PBXFileReference; lastKnownFileType = sourcecode.c.h; path = AppDelegate.h; sourceTree = "<group>"; };
		AB307BAE1A7C159C00D87905 /* AppDelegate.m */ = {isa = PBXFileReference; lastKnownFileType = sourcecode.c.objc; path = AppDelegate.m; sourceTree = "<group>"; };
		AB307BB01A7C159C00D87905 /* ViewController.h */ = {isa = PBXFileReference; lastKnownFileType = sourcecode.c.h; path = ViewController.h; sourceTree = "<group>"; };
		AB307BB11A7C159C00D87905 /* ViewController.m */ = {isa = PBXFileReference; lastKnownFileType = sourcecode.c.objc; path = ViewController.m; sourceTree = "<group>"; };
		AB307BB41A7C159C00D87905 /* Base */ = {isa = PBXFileReference; lastKnownFileType = file.storyboard; name = Base; path = Base.lproj/Main.storyboard; sourceTree = "<group>"; };
		AB307BB61A7C159C00D87905 /* Images.xcassets */ = {isa = PBXFileReference; lastKnownFileType = folder.assetcatalog; path = Images.xcassets; sourceTree = "<group>"; };
		AB307BB91A7C159C00D87905 /* Base */ = {isa = PBXFileReference; lastKnownFileType = file.xib; name = Base; path = Base.lproj/LaunchScreen.xib; sourceTree = "<group>"; };
		E0AFB7FEAE3360A64E655AF8 /* Pods.debug.xcconfig */ = {isa = PBXFileReference; includeInIndex = 1; lastKnownFileType = text.xcconfig; name = Pods.debug.xcconfig; path = "Pods/Target Support Files/Pods/Pods.debug.xcconfig"; sourceTree = "<group>"; };
/* End PBXFileReference section */

/* Begin PBXFrameworksBuildPhase section */
		AB307BA31A7C159C00D87905 /* Frameworks */ = {
			isa = PBXFrameworksBuildPhase;
			buildActionMask = 2147483647;
			files = (
				565BBFA23E3257DDBDBAEC02 /* libPods.a in Frameworks */,
			);
			runOnlyForDeploymentPostprocessing = 0;
		};
/* End PBXFrameworksBuildPhase section */

/* Begin PBXGroup section */
		12D629EE308C770FC8D16B35 /* Pods */ = {
			isa = PBXGroup;
			children = (
				E0AFB7FEAE3360A64E655AF8 /* Pods.debug.xcconfig */,
				7EFC3FDE31772FE37A4FF9BA /* Pods.release.xcconfig */,
			);
			name = Pods;
			sourceTree = "<group>";
		};
		AB307B9D1A7C159C00D87905 = {
			isa = PBXGroup;
			children = (
				AB307BA81A7C159C00D87905 /* Example */,
				AB307BA71A7C159C00D87905 /* Products */,
				12D629EE308C770FC8D16B35 /* Pods */,
				B09801E70862CE324DB7BB52 /* Frameworks */,
			);
			sourceTree = "<group>";
		};
		AB307BA71A7C159C00D87905 /* Products */ = {
			isa = PBXGroup;
			children = (
				AB307BA61A7C159C00D87905 /* Example.app */,
			);
			name = Products;
			sourceTree = "<group>";
		};
		AB307BA81A7C159C00D87905 /* Example */ = {
			isa = PBXGroup;
			children = (
				AB307BAD1A7C159C00D87905 /* AppDelegate.h */,
				AB307BAE1A7C159C00D87905 /* AppDelegate.m */,
				AB307BB01A7C159C00D87905 /* ViewController.h */,
				AB307BB11A7C159C00D87905 /* ViewController.m */,
				AB307BB31A7C159C00D87905 /* Main.storyboard */,
				AB307BB61A7C159C00D87905 /* Images.xcassets */,
				AB307BB81A7C159C00D87905 /* LaunchScreen.xib */,
				AB307BA91A7C159C00D87905 /* Supporting Files */,
			);
			path = Example;
			sourceTree = "<group>";
		};
		AB307BA91A7C159C00D87905 /* Supporting Files */ = {
			isa = PBXGroup;
			children = (
				AB307BAA1A7C159C00D87905 /* Info.plist */,
				AB307BAB1A7C159C00D87905 /* main.m */,
			);
			name = "Supporting Files";
			sourceTree = "<group>";
		};
		B09801E70862CE324DB7BB52 /* Frameworks */ = {
			isa = PBXGroup;
			children = (
				8C663F21CD3E7666A2ED2C5F /* libPods.a */,
			);
			name = Frameworks;
			sourceTree = "<group>";
		};
/* End PBXGroup section */

/* Begin PBXNativeTarget section */
		AB307BA51A7C159C00D87905 /* Example */ = {
			isa = PBXNativeTarget;
			buildConfigurationList = AB307BC91A7C159C00D87905 /* Build configuration list for PBXNativeTarget "Example" */;
			buildPhases = (
				714B394D604E4439BB8CF678 /* Check Pods Manifest.lock */,
				AB307BA21A7C159C00D87905 /* Sources */,
				AB307BA31A7C159C00D87905 /* Frameworks */,
				AB307BA41A7C159C00D87905 /* Resources */,
				74A6DACA5CC25310F1E7F8B6 /* Copy Pods Resources */,
			);
			buildRules = (
			);
			dependencies = (
			);
			name = Example;
			productName = Example;
			productReference = AB307BA61A7C159C00D87905 /* Example.app */;
			productType = "com.apple.product-type.application";
		};
/* End PBXNativeTarget section */

/* Begin PBXProject section */
		AB307B9E1A7C159C00D87905 /* Project object */ = {
			isa = PBXProject;
			attributes = {
				LastUpgradeCheck = 0610;
				ORGANIZATIONNAME = "Jonathan Tribouharet";
				TargetAttributes = {
					AB307BA51A7C159C00D87905 = {
						CreatedOnToolsVersion = 6.1.1;
					};
				};
			};
			buildConfigurationList = AB307BA11A7C159C00D87905 /* Build configuration list for PBXProject "Example" */;
			compatibilityVersion = "Xcode 3.2";
			developmentRegion = English;
			hasScannedForEncodings = 0;
			knownRegions = (
				en,
				Base,
			);
			mainGroup = AB307B9D1A7C159C00D87905;
			productRefGroup = AB307BA71A7C159C00D87905 /* Products */;
			projectDirPath = "";
			projectRoot = "";
			targets = (
				AB307BA51A7C159C00D87905 /* Example */,
			);
		};
/* End PBXProject section */

/* Begin PBXResourcesBuildPhase section */
		AB307BA41A7C159C00D87905 /* Resources */ = {
			isa = PBXResourcesBuildPhase;
			buildActionMask = 2147483647;
			files = (
				AB307BB51A7C159C00D87905 /* Main.storyboard in Resources */,
				AB307BBA1A7C159C00D87905 /* LaunchScreen.xib in Resources */,
				AB307BB71A7C159C00D87905 /* Images.xcassets in Resources */,
			);
			runOnlyForDeploymentPostprocessing = 0;
		};
/* End PBXResourcesBuildPhase section */

/* Begin PBXShellScriptBuildPhase section */
		714B394D604E4439BB8CF678 /* Check Pods Manifest.lock */ = {
			isa = PBXShellScriptBuildPhase;
			buildActionMask = 2147483647;
			files = (
			);
			inputPaths = (
			);
			name = "Check Pods Manifest.lock";
			outputPaths = (
			);
			runOnlyForDeploymentPostprocessing = 0;
			shellPath = /bin/sh;
			shellScript = "diff \"${PODS_ROOT}/../Podfile.lock\" \"${PODS_ROOT}/Manifest.lock\" > /dev/null\nif [[ $? != 0 ]] ; then\n    cat << EOM\nerror: The sandbox is not in sync with the Podfile.lock. Run 'pod install' or update your CocoaPods installation.\nEOM\n    exit 1\nfi\n";
			showEnvVarsInLog = 0;
		};
		74A6DACA5CC25310F1E7F8B6 /* Copy Pods Resources */ = {
			isa = PBXShellScriptBuildPhase;
			buildActionMask = 2147483647;
			files = (
			);
			inputPaths = (
			);
			name = "Copy Pods Resources";
			outputPaths = (
			);
			runOnlyForDeploymentPostprocessing = 0;
			shellPath = /bin/sh;
			shellScript = "\"${SRCROOT}/Pods/Target Support Files/Pods/Pods-resources.sh\"\n";
			showEnvVarsInLog = 0;
		};
/* End PBXShellScriptBuildPhase section */

/* Begin PBXSourcesBuildPhase section */
		AB307BA21A7C159C00D87905 /* Sources */ = {
			isa = PBXSourcesBuildPhase;
			buildActionMask = 2147483647;
			files = (
				AB307BB21A7C159C00D87905 /* ViewController.m in Sources */,
				AB307BAF1A7C159C00D87905 /* AppDelegate.m in Sources */,
				AB307BAC1A7C159C00D87905 /* main.m in Sources */,
			);
			runOnlyForDeploymentPostprocessing = 0;
		};
/* End PBXSourcesBuildPhase section */

/* Begin PBXVariantGroup section */
		AB307BB31A7C159C00D87905 /* Main.storyboard */ = {
			isa = PBXVariantGroup;
			children = (
				AB307BB41A7C159C00D87905 /* Base */,
			);
			name = Main.storyboard;
			sourceTree = "<group>";
		};
		AB307BB81A7C159C00D87905 /* LaunchScreen.xib */ = {
			isa = PBXVariantGroup;
			children = (
				AB307BB91A7C159C00D87905 /* Base */,
			);
			name = LaunchScreen.xib;
			sourceTree = "<group>";
		};
/* End PBXVariantGroup section */

/* Begin XCBuildConfiguration section */
		AB307BC71A7C159C00D87905 /* Debug */ = {
			isa = XCBuildConfiguration;
			buildSettings = {
				ALWAYS_SEARCH_USER_PATHS = NO;
				CLANG_CXX_LANGUAGE_STANDARD = "gnu++0x";
				CLANG_CXX_LIBRARY = "libc++";
				CLANG_ENABLE_MODULES = YES;
				CLANG_ENABLE_OBJC_ARC = YES;
				CLANG_WARN_BOOL_CONVERSION = YES;
				CLANG_WARN_CONSTANT_CONVERSION = YES;
				CLANG_WARN_DIRECT_OBJC_ISA_USAGE = YES_ERROR;
				CLANG_WARN_EMPTY_BODY = YES;
				CLANG_WARN_ENUM_CONVERSION = YES;
				CLANG_WARN_INT_CONVERSION = YES;
				CLANG_WARN_OBJC_ROOT_CLASS = YES_ERROR;
				CLANG_WARN_UNREACHABLE_CODE = YES;
				CLANG_WARN__DUPLICATE_METHOD_MATCH = YES;
				"CODE_SIGN_IDENTITY[sdk=iphoneos*]" = "iPhone Developer";
				COPY_PHASE_STRIP = NO;
				ENABLE_STRICT_OBJC_MSGSEND = YES;
				GCC_C_LANGUAGE_STANDARD = gnu99;
				GCC_DYNAMIC_NO_PIC = NO;
				GCC_OPTIMIZATION_LEVEL = 0;
				GCC_PREPROCESSOR_DEFINITIONS = (
					"DEBUG=1",
					"$(inherited)",
				);
				GCC_SYMBOLS_PRIVATE_EXTERN = NO;
				GCC_WARN_64_TO_32_BIT_CONVERSION = YES;
				GCC_WARN_ABOUT_RETURN_TYPE = YES_ERROR;
				GCC_WARN_UNDECLARED_SELECTOR = YES;
				GCC_WARN_UNINITIALIZED_AUTOS = YES_AGGRESSIVE;
				GCC_WARN_UNUSED_FUNCTION = YES;
				GCC_WARN_UNUSED_VARIABLE = YES;
				IPHONEOS_DEPLOYMENT_TARGET = 8.1;
				MTL_ENABLE_DEBUG_INFO = YES;
				ONLY_ACTIVE_ARCH = YES;
				SDKROOT = iphoneos;
			};
			name = Debug;
		};
		AB307BC81A7C159C00D87905 /* Release */ = {
			isa = XCBuildConfiguration;
			buildSettings = {
				ALWAYS_SEARCH_USER_PATHS = NO;
				CLANG_CXX_LANGUAGE_STANDARD = "gnu++0x";
				CLANG_CXX_LIBRARY = "libc++";
				CLANG_ENABLE_MODULES = YES;
				CLANG_ENABLE_OBJC_ARC = YES;
				CLANG_WARN_BOOL_CONVERSION = YES;
				CLANG_WARN_CONSTANT_CONVERSION = YES;
				CLANG_WARN_DIRECT_OBJC_ISA_USAGE = YES_ERROR;
				CLANG_WARN_EMPTY_BODY = YES;
				CLANG_WARN_ENUM_CONVERSION = YES;
				CLANG_WARN_INT_CONVERSION = YES;
				CLANG_WARN_OBJC_ROOT_CLASS = YES_ERROR;
				CLANG_WARN_UNREACHABLE_CODE = YES;
				CLANG_WARN__DUPLICATE_METHOD_MATCH = YES;
				"CODE_SIGN_IDENTITY[sdk=iphoneos*]" = "iPhone Developer";
				COPY_PHASE_STRIP = YES;
				ENABLE_NS_ASSERTIONS = NO;
				ENABLE_STRICT_OBJC_MSGSEND = YES;
				GCC_C_LANGUAGE_STANDARD = gnu99;
				GCC_WARN_64_TO_32_BIT_CONVERSION = YES;
				GCC_WARN_ABOUT_RETURN_TYPE = YES_ERROR;
				GCC_WARN_UNDECLARED_SELECTOR = YES;
				GCC_WARN_UNINITIALIZED_AUTOS = YES_AGGRESSIVE;
				GCC_WARN_UNUSED_FUNCTION = YES;
				GCC_WARN_UNUSED_VARIABLE = YES;
				IPHONEOS_DEPLOYMENT_TARGET = 8.1;
				MTL_ENABLE_DEBUG_INFO = NO;
				SDKROOT = iphoneos;
				VALIDATE_PRODUCT = YES;
			};
			name = Release;
		};
		AB307BCA1A7C159C00D87905 /* Debug */ = {
			isa = XCBuildConfiguration;
			baseConfigurationReference = E0AFB7FEAE3360A64E655AF8 /* Pods.debug.xcconfig */;
			buildSettings = {
				ASSETCATALOG_COMPILER_APPICON_NAME = AppIcon;
				ASSETCATALOG_COMPILER_LAUNCHIMAGE_NAME = LaunchImage;
				CODE_SIGN_IDENTITY = "iPhone Developer";
				INFOPLIST_FILE = Example/Info.plist;
				LD_RUNPATH_SEARCH_PATHS = "$(inherited) @executable_path/Frameworks";
				PRODUCT_NAME = "$(TARGET_NAME)";
				TARGETED_DEVICE_FAMILY = "1,2";
			};
			name = Debug;
		};
		AB307BCB1A7C159C00D87905 /* Release */ = {
			isa = XCBuildConfiguration;
			baseConfigurationReference = 7EFC3FDE31772FE37A4FF9BA /* Pods.release.xcconfig */;
			buildSettings = {
				ASSETCATALOG_COMPILER_APPICON_NAME = AppIcon;
				ASSETCATALOG_COMPILER_LAUNCHIMAGE_NAME = LaunchImage;
				CODE_SIGN_IDENTITY = "iPhone Developer";
				INFOPLIST_FILE = Example/Info.plist;
				LD_RUNPATH_SEARCH_PATHS = "$(inherited) @executable_path/Frameworks";
				PRODUCT_NAME = "$(TARGET_NAME)";
				TARGETED_DEVICE_FAMILY = "1,2";
			};
			name = Release;
		};
/* End XCBuildConfiguration section */

/* Begin XCConfigurationList section */
		AB307BA11A7C159C00D87905 /* Build configuration list for PBXProject "Example" */ = {
			isa = XCConfigurationList;
			buildConfigurations = (
				AB307BC71A7C159C00D87905 /* Debug */,
				AB307BC81A7C159C00D87905 /* Release */,
			);
			defaultConfigurationIsVisible = 0;
			defaultConfigurationName = Release;
		};
		AB307BC91A7C159C00D87905 /* Build configuration list for PBXNativeTarget "Example" */ = {
			isa = XCConfigurationList;
			buildConfigurations = (
				AB307BCA1A7C159C00D87905 /* Debug */,
				AB307BCB1A7C159C00D87905 /* Release */,
			);
			defaultConfigurationIsVisible = 0;
			defaultConfigurationName = Release;
		};
/* End XCConfigurationList section */
	};
	rootObject = AB307B9E1A7C159C00D87905 /* Project object */;
}
